// !$*UTF8*$!
{
	archiveVersion = 1;
	classes = {
	};
	objectVersion = 50;
	objects = {

/* Begin PBXBuildFile section */
		D42C747F25BC0E6D00A2309D /* ColorUtilityApp.swift in Sources */ = {isa = PBXBuildFile; fileRef = D42C747E25BC0E6D00A2309D /* ColorUtilityApp.swift */; };
		D42C748325BC0E6D00A2309D /* Assets.xcassets in Resources */ = {isa = PBXBuildFile; fileRef = D42C748225BC0E6D00A2309D /* Assets.xcassets */; };
		D42C748625BC0E6D00A2309D /* Preview Assets.xcassets in Resources */ = {isa = PBXBuildFile; fileRef = D42C748525BC0E6D00A2309D /* Preview Assets.xcassets */; };
		D42C749925BC0FC000A2309D /* README.md in Resources */ = {isa = PBXBuildFile; fileRef = D42C749825BC0FC000A2309D /* README.md */; };
		D42C74A125BC11AF00A2309D /* CopyView.swift in Sources */ = {isa = PBXBuildFile; fileRef = D42C74A025BC11AF00A2309D /* CopyView.swift */; };
		D42C74A525BC125C00A2309D /* ColorManager.swift in Sources */ = {isa = PBXBuildFile; fileRef = D42C74A425BC125C00A2309D /* ColorManager.swift */; };
		D42C74A925BC174F00A2309D /* HexColorView.swift in Sources */ = {isa = PBXBuildFile; fileRef = D42C74A825BC174F00A2309D /* HexColorView.swift */; };
		D42C74AC25BC18DF00A2309D /* UtilitiesTabView.swift in Sources */ = {isa = PBXBuildFile; fileRef = D42C74AB25BC18DF00A2309D /* UtilitiesTabView.swift */; };
		D42C74B425BC21AE00A2309D /* InputHexColorView.swift in Sources */ = {isa = PBXBuildFile; fileRef = D42C74B325BC21AE00A2309D /* InputHexColorView.swift */; };
		D45427C625BC58150079BA89 /* NSColor+Utility.swift in Sources */ = {isa = PBXBuildFile; fileRef = D45427C525BC58150079BA89 /* NSColor+Utility.swift */; };
		D45427D025BC761E0079BA89 /* PlatformPickerView.swift in Sources */ = {isa = PBXBuildFile; fileRef = D45427CF25BC761E0079BA89 /* PlatformPickerView.swift */; };
		D45427D325BC788E0079BA89 /* Platform.swift in Sources */ = {isa = PBXBuildFile; fileRef = D45427D225BC788E0079BA89 /* Platform.swift */; };
		D45427DE25BC84270079BA89 /* ResultsView.swift in Sources */ = {isa = PBXBuildFile; fileRef = D45427DD25BC84270079BA89 /* ResultsView.swift */; };
		D45427E125BC845A0079BA89 /* SettingsView.swift in Sources */ = {isa = PBXBuildFile; fileRef = D45427E025BC845A0079BA89 /* SettingsView.swift */; };
		D45427E525BC84A80079BA89 /* ControlsView.swift in Sources */ = {isa = PBXBuildFile; fileRef = D45427E425BC84A80079BA89 /* ControlsView.swift */; };
/* End PBXBuildFile section */

/* Begin PBXFileReference section */
		D42C747B25BC0E6D00A2309D /* ColorUtility.app */ = {isa = PBXFileReference; explicitFileType = wrapper.application; includeInIndex = 0; path = ColorUtility.app; sourceTree = BUILT_PRODUCTS_DIR; };
		D42C747E25BC0E6D00A2309D /* ColorUtilityApp.swift */ = {isa = PBXFileReference; lastKnownFileType = sourcecode.swift; path = ColorUtilityApp.swift; sourceTree = "<group>"; };
		D42C748225BC0E6D00A2309D /* Assets.xcassets */ = {isa = PBXFileReference; lastKnownFileType = folder.assetcatalog; path = Assets.xcassets; sourceTree = "<group>"; };
		D42C748525BC0E6D00A2309D /* Preview Assets.xcassets */ = {isa = PBXFileReference; lastKnownFileType = folder.assetcatalog; path = "Preview Assets.xcassets"; sourceTree = "<group>"; };
		D42C748725BC0E6D00A2309D /* Info.plist */ = {isa = PBXFileReference; lastKnownFileType = text.plist.xml; path = Info.plist; sourceTree = "<group>"; };
		D42C748825BC0E6D00A2309D /* ColorUtility.entitlements */ = {isa = PBXFileReference; lastKnownFileType = text.plist.entitlements; path = ColorUtility.entitlements; sourceTree = "<group>"; };
		D42C749825BC0FC000A2309D /* README.md */ = {isa = PBXFileReference; lastKnownFileType = net.daringfireball.markdown; path = README.md; sourceTree = "<group>"; };
		D42C74A025BC11AF00A2309D /* CopyView.swift */ = {isa = PBXFileReference; lastKnownFileType = sourcecode.swift; path = CopyView.swift; sourceTree = "<group>"; };
		D42C74A425BC125C00A2309D /* ColorManager.swift */ = {isa = PBXFileReference; lastKnownFileType = sourcecode.swift; path = ColorManager.swift; sourceTree = "<group>"; };
		D42C74A825BC174F00A2309D /* HexColorView.swift */ = {isa = PBXFileReference; lastKnownFileType = sourcecode.swift; path = HexColorView.swift; sourceTree = "<group>"; };
		D42C74AB25BC18DF00A2309D /* UtilitiesTabView.swift */ = {isa = PBXFileReference; lastKnownFileType = sourcecode.swift; path = UtilitiesTabView.swift; sourceTree = "<group>"; };
		D42C74B325BC21AE00A2309D /* InputHexColorView.swift */ = {isa = PBXFileReference; lastKnownFileType = sourcecode.swift; path = InputHexColorView.swift; sourceTree = "<group>"; };
		D45427C525BC58150079BA89 /* NSColor+Utility.swift */ = {isa = PBXFileReference; lastKnownFileType = sourcecode.swift; path = "NSColor+Utility.swift"; sourceTree = "<group>"; };
		D45427CF25BC761E0079BA89 /* PlatformPickerView.swift */ = {isa = PBXFileReference; lastKnownFileType = sourcecode.swift; path = PlatformPickerView.swift; sourceTree = "<group>"; };
		D45427D225BC788E0079BA89 /* Platform.swift */ = {isa = PBXFileReference; lastKnownFileType = sourcecode.swift; path = Platform.swift; sourceTree = "<group>"; };
		D45427DD25BC84270079BA89 /* ResultsView.swift */ = {isa = PBXFileReference; lastKnownFileType = sourcecode.swift; path = ResultsView.swift; sourceTree = "<group>"; };
		D45427E025BC845A0079BA89 /* SettingsView.swift */ = {isa = PBXFileReference; lastKnownFileType = sourcecode.swift; path = SettingsView.swift; sourceTree = "<group>"; };
		D45427E425BC84A80079BA89 /* ControlsView.swift */ = {isa = PBXFileReference; lastKnownFileType = sourcecode.swift; path = ControlsView.swift; sourceTree = "<group>"; };
/* End PBXFileReference section */

/* Begin PBXFrameworksBuildPhase section */
		D42C747825BC0E6D00A2309D /* Frameworks */ = {
			isa = PBXFrameworksBuildPhase;
			buildActionMask = 2147483647;
			files = (
			);
			runOnlyForDeploymentPostprocessing = 0;
		};
/* End PBXFrameworksBuildPhase section */

/* Begin PBXGroup section */
		D42C747225BC0E6D00A2309D = {
			isa = PBXGroup;
			children = (
				D42C749825BC0FC000A2309D /* README.md */,
				D42C747D25BC0E6D00A2309D /* ColorUtility */,
				D42C747C25BC0E6D00A2309D /* Products */,
			);
			sourceTree = "<group>";
		};
		D42C747C25BC0E6D00A2309D /* Products */ = {
			isa = PBXGroup;
			children = (
				D42C747B25BC0E6D00A2309D /* ColorUtility.app */,
			);
			name = Products;
			sourceTree = "<group>";
		};
		D42C747D25BC0E6D00A2309D /* ColorUtility */ = {
			isa = PBXGroup;
			children = (
				D42C74BB25BC2CA200A2309D /* Extensions */,
				D42C74A325BC121200A2309D /* ViewModel */,
				D42C748F25BC0EAA00A2309D /* UI */,
				D42C749225BC0EDC00A2309D /* Supporting Files */,
				D42C748425BC0E6D00A2309D /* Preview Content */,
			);
			path = ColorUtility;
			sourceTree = "<group>";
		};
		D42C748425BC0E6D00A2309D /* Preview Content */ = {
			isa = PBXGroup;
			children = (
				D42C748525BC0E6D00A2309D /* Preview Assets.xcassets */,
			);
			path = "Preview Content";
			sourceTree = "<group>";
		};
		D42C748F25BC0EAA00A2309D /* UI */ = {
			isa = PBXGroup;
			children = (
				D42C74AB25BC18DF00A2309D /* UtilitiesTabView.swift */,
				D42C74B725BC226D00A2309D /* Hex Color */,
			);
			path = UI;
			sourceTree = "<group>";
		};
		D42C749225BC0EDC00A2309D /* Supporting Files */ = {
			isa = PBXGroup;
			children = (
				D42C748225BC0E6D00A2309D /* Assets.xcassets */,
				D42C748825BC0E6D00A2309D /* ColorUtility.entitlements */,
				D42C748725BC0E6D00A2309D /* Info.plist */,
				D42C747E25BC0E6D00A2309D /* ColorUtilityApp.swift */,
			);
			path = "Supporting Files";
			sourceTree = "<group>";
		};
		D42C74A325BC121200A2309D /* ViewModel */ = {
			isa = PBXGroup;
			children = (
				D42C74A425BC125C00A2309D /* ColorManager.swift */,
				D45427D225BC788E0079BA89 /* Platform.swift */,
			);
			path = ViewModel;
			sourceTree = "<group>";
		};
		D42C74B725BC226D00A2309D /* Hex Color */ = {
			isa = PBXGroup;
			children = (
				D42C74A825BC174F00A2309D /* HexColorView.swift */,
				D42C74B325BC21AE00A2309D /* InputHexColorView.swift */,
				D45427D925BC83A00079BA89 /* Settings */,
				D45427DC25BC83C70079BA89 /* Results */,
				D45427DB25BC83B90079BA89 /* Controls */,
			);
			path = "Hex Color";
			sourceTree = "<group>";
		};
		D42C74BB25BC2CA200A2309D /* Extensions */ = {
			isa = PBXGroup;
			children = (
				D45427C525BC58150079BA89 /* NSColor+Utility.swift */,
			);
			path = Extensions;
			sourceTree = "<group>";
		};
		D45427D925BC83A00079BA89 /* Settings */ = {
			isa = PBXGroup;
			children = (
				D45427E025BC845A0079BA89 /* SettingsView.swift */,
				D45427CF25BC761E0079BA89 /* PlatformPickerView.swift */,
			);
			path = Settings;
			sourceTree = "<group>";
		};
		D45427DB25BC83B90079BA89 /* Controls */ = {
			isa = PBXGroup;
			children = (
				D45427E425BC84A80079BA89 /* ControlsView.swift */,
				D42C74A025BC11AF00A2309D /* CopyView.swift */,
			);
			path = Controls;
			sourceTree = "<group>";
		};
		D45427DC25BC83C70079BA89 /* Results */ = {
			isa = PBXGroup;
			children = (
				D45427DD25BC84270079BA89 /* ResultsView.swift */,
			);
			path = Results;
			sourceTree = "<group>";
		};
/* End PBXGroup section */

/* Begin PBXNativeTarget section */
		D42C747A25BC0E6D00A2309D /* ColorUtility */ = {
			isa = PBXNativeTarget;
			buildConfigurationList = D42C748B25BC0E6D00A2309D /* Build configuration list for PBXNativeTarget "ColorUtility" */;
			buildPhases = (
				D42C747725BC0E6D00A2309D /* Sources */,
				D42C747825BC0E6D00A2309D /* Frameworks */,
				D42C747925BC0E6D00A2309D /* Resources */,
			);
			buildRules = (
			);
			dependencies = (
			);
			name = ColorUtility;
			productName = ColorUtility;
			productReference = D42C747B25BC0E6D00A2309D /* ColorUtility.app */;
			productType = "com.apple.product-type.application";
		};
/* End PBXNativeTarget section */

/* Begin PBXProject section */
		D42C747325BC0E6D00A2309D /* Project object */ = {
			isa = PBXProject;
			attributes = {
				LastSwiftUpdateCheck = 1230;
				LastUpgradeCheck = 1230;
				TargetAttributes = {
					D42C747A25BC0E6D00A2309D = {
						CreatedOnToolsVersion = 12.3;
					};
				};
			};
			buildConfigurationList = D42C747625BC0E6D00A2309D /* Build configuration list for PBXProject "ColorUtility" */;
			compatibilityVersion = "Xcode 9.3";
			developmentRegion = en;
			hasScannedForEncodings = 0;
			knownRegions = (
				en,
				Base,
			);
			mainGroup = D42C747225BC0E6D00A2309D;
			productRefGroup = D42C747C25BC0E6D00A2309D /* Products */;
			projectDirPath = "";
			projectRoot = "";
			targets = (
				D42C747A25BC0E6D00A2309D /* ColorUtility */,
			);
		};
/* End PBXProject section */

/* Begin PBXResourcesBuildPhase section */
		D42C747925BC0E6D00A2309D /* Resources */ = {
			isa = PBXResourcesBuildPhase;
			buildActionMask = 2147483647;
			files = (
				D42C749925BC0FC000A2309D /* README.md in Resources */,
				D42C748625BC0E6D00A2309D /* Preview Assets.xcassets in Resources */,
				D42C748325BC0E6D00A2309D /* Assets.xcassets in Resources */,
			);
			runOnlyForDeploymentPostprocessing = 0;
		};
/* End PBXResourcesBuildPhase section */

/* Begin PBXSourcesBuildPhase section */
		D42C747725BC0E6D00A2309D /* Sources */ = {
			isa = PBXSourcesBuildPhase;
			buildActionMask = 2147483647;
			files = (
				D45427D325BC788E0079BA89 /* Platform.swift in Sources */,
				D45427C625BC58150079BA89 /* NSColor+Utility.swift in Sources */,
				D42C74AC25BC18DF00A2309D /* UtilitiesTabView.swift in Sources */,
				D45427D025BC761E0079BA89 /* PlatformPickerView.swift in Sources */,
				D45427E525BC84A80079BA89 /* ControlsView.swift in Sources */,
				D42C74A925BC174F00A2309D /* HexColorView.swift in Sources */,
				D45427DE25BC84270079BA89 /* ResultsView.swift in Sources */,
				D42C747F25BC0E6D00A2309D /* ColorUtilityApp.swift in Sources */,
				D42C74A125BC11AF00A2309D /* CopyView.swift in Sources */,
				D42C74B425BC21AE00A2309D /* InputHexColorView.swift in Sources */,
				D45427E125BC845A0079BA89 /* SettingsView.swift in Sources */,
				D42C74A525BC125C00A2309D /* ColorManager.swift in Sources */,
			);
			runOnlyForDeploymentPostprocessing = 0;
		};
/* End PBXSourcesBuildPhase section */

/* Begin XCBuildConfiguration section */
		D42C748925BC0E6D00A2309D /* Debug */ = {
			isa = XCBuildConfiguration;
			buildSettings = {
				ALWAYS_SEARCH_USER_PATHS = NO;
				CLANG_ANALYZER_NONNULL = YES;
				CLANG_ANALYZER_NUMBER_OBJECT_CONVERSION = YES_AGGRESSIVE;
				CLANG_CXX_LANGUAGE_STANDARD = "gnu++14";
				CLANG_CXX_LIBRARY = "libc++";
				CLANG_ENABLE_MODULES = YES;
				CLANG_ENABLE_OBJC_ARC = YES;
				CLANG_ENABLE_OBJC_WEAK = YES;
				CLANG_WARN_BLOCK_CAPTURE_AUTORELEASING = YES;
				CLANG_WARN_BOOL_CONVERSION = YES;
				CLANG_WARN_COMMA = YES;
				CLANG_WARN_CONSTANT_CONVERSION = YES;
				CLANG_WARN_DEPRECATED_OBJC_IMPLEMENTATIONS = YES;
				CLANG_WARN_DIRECT_OBJC_ISA_USAGE = YES_ERROR;
				CLANG_WARN_DOCUMENTATION_COMMENTS = YES;
				CLANG_WARN_EMPTY_BODY = YES;
				CLANG_WARN_ENUM_CONVERSION = YES;
				CLANG_WARN_INFINITE_RECURSION = YES;
				CLANG_WARN_INT_CONVERSION = YES;
				CLANG_WARN_NON_LITERAL_NULL_CONVERSION = YES;
				CLANG_WARN_OBJC_IMPLICIT_RETAIN_SELF = YES;
				CLANG_WARN_OBJC_LITERAL_CONVERSION = YES;
				CLANG_WARN_OBJC_ROOT_CLASS = YES_ERROR;
				CLANG_WARN_QUOTED_INCLUDE_IN_FRAMEWORK_HEADER = YES;
				CLANG_WARN_RANGE_LOOP_ANALYSIS = YES;
				CLANG_WARN_STRICT_PROTOTYPES = YES;
				CLANG_WARN_SUSPICIOUS_MOVE = YES;
				CLANG_WARN_UNGUARDED_AVAILABILITY = YES_AGGRESSIVE;
				CLANG_WARN_UNREACHABLE_CODE = YES;
				CLANG_WARN__DUPLICATE_METHOD_MATCH = YES;
				COPY_PHASE_STRIP = NO;
				DEBUG_INFORMATION_FORMAT = dwarf;
				ENABLE_STRICT_OBJC_MSGSEND = YES;
				ENABLE_TESTABILITY = YES;
				GCC_C_LANGUAGE_STANDARD = gnu11;
				GCC_DYNAMIC_NO_PIC = NO;
				GCC_NO_COMMON_BLOCKS = YES;
				GCC_OPTIMIZATION_LEVEL = 0;
				GCC_PREPROCESSOR_DEFINITIONS = (
					"DEBUG=1",
					"$(inherited)",
				);
				GCC_WARN_64_TO_32_BIT_CONVERSION = YES;
				GCC_WARN_ABOUT_RETURN_TYPE = YES_ERROR;
				GCC_WARN_UNDECLARED_SELECTOR = YES;
				GCC_WARN_UNINITIALIZED_AUTOS = YES_AGGRESSIVE;
				GCC_WARN_UNUSED_FUNCTION = YES;
				GCC_WARN_UNUSED_VARIABLE = YES;
				MACOSX_DEPLOYMENT_TARGET = 11.1;
				MTL_ENABLE_DEBUG_INFO = INCLUDE_SOURCE;
				MTL_FAST_MATH = YES;
				ONLY_ACTIVE_ARCH = YES;
				SDKROOT = macosx;
				SWIFT_ACTIVE_COMPILATION_CONDITIONS = DEBUG;
				SWIFT_OPTIMIZATION_LEVEL = "-Onone";
			};
			name = Debug;
		};
		D42C748A25BC0E6D00A2309D /* Release */ = {
			isa = XCBuildConfiguration;
			buildSettings = {
				ALWAYS_SEARCH_USER_PATHS = NO;
				CLANG_ANALYZER_NONNULL = YES;
				CLANG_ANALYZER_NUMBER_OBJECT_CONVERSION = YES_AGGRESSIVE;
				CLANG_CXX_LANGUAGE_STANDARD = "gnu++14";
				CLANG_CXX_LIBRARY = "libc++";
				CLANG_ENABLE_MODULES = YES;
				CLANG_ENABLE_OBJC_ARC = YES;
				CLANG_ENABLE_OBJC_WEAK = YES;
				CLANG_WARN_BLOCK_CAPTURE_AUTORELEASING = YES;
				CLANG_WARN_BOOL_CONVERSION = YES;
				CLANG_WARN_COMMA = YES;
				CLANG_WARN_CONSTANT_CONVERSION = YES;
				CLANG_WARN_DEPRECATED_OBJC_IMPLEMENTATIONS = YES;
				CLANG_WARN_DIRECT_OBJC_ISA_USAGE = YES_ERROR;
				CLANG_WARN_DOCUMENTATION_COMMENTS = YES;
				CLANG_WARN_EMPTY_BODY = YES;
				CLANG_WARN_ENUM_CONVERSION = YES;
				CLANG_WARN_INFINITE_RECURSION = YES;
				CLANG_WARN_INT_CONVERSION = YES;
				CLANG_WARN_NON_LITERAL_NULL_CONVERSION = YES;
				CLANG_WARN_OBJC_IMPLICIT_RETAIN_SELF = YES;
				CLANG_WARN_OBJC_LITERAL_CONVERSION = YES;
				CLANG_WARN_OBJC_ROOT_CLASS = YES_ERROR;
				CLANG_WARN_QUOTED_INCLUDE_IN_FRAMEWORK_HEADER = YES;
				CLANG_WARN_RANGE_LOOP_ANALYSIS = YES;
				CLANG_WARN_STRICT_PROTOTYPES = YES;
				CLANG_WARN_SUSPICIOUS_MOVE = YES;
				CLANG_WARN_UNGUARDED_AVAILABILITY = YES_AGGRESSIVE;
				CLANG_WARN_UNREACHABLE_CODE = YES;
				CLANG_WARN__DUPLICATE_METHOD_MATCH = YES;
				COPY_PHASE_STRIP = NO;
				DEBUG_INFORMATION_FORMAT = "dwarf-with-dsym";
				ENABLE_NS_ASSERTIONS = NO;
				ENABLE_STRICT_OBJC_MSGSEND = YES;
				GCC_C_LANGUAGE_STANDARD = gnu11;
				GCC_NO_COMMON_BLOCKS = YES;
				GCC_WARN_64_TO_32_BIT_CONVERSION = YES;
				GCC_WARN_ABOUT_RETURN_TYPE = YES_ERROR;
				GCC_WARN_UNDECLARED_SELECTOR = YES;
				GCC_WARN_UNINITIALIZED_AUTOS = YES_AGGRESSIVE;
				GCC_WARN_UNUSED_FUNCTION = YES;
				GCC_WARN_UNUSED_VARIABLE = YES;
				MACOSX_DEPLOYMENT_TARGET = 11.1;
				MTL_ENABLE_DEBUG_INFO = NO;
				MTL_FAST_MATH = YES;
				SDKROOT = macosx;
				SWIFT_COMPILATION_MODE = wholemodule;
				SWIFT_OPTIMIZATION_LEVEL = "-O";
			};
			name = Release;
		};
		D42C748C25BC0E6D00A2309D /* Debug */ = {
			isa = XCBuildConfiguration;
			buildSettings = {
				ASSETCATALOG_COMPILER_APPICON_NAME = AppIcon;
				ASSETCATALOG_COMPILER_GLOBAL_ACCENT_COLOR_NAME = AccentColor;
				CODE_SIGN_ENTITLEMENTS = "ColorUtility/Supporting Files/ColorUtility.entitlements";
				CODE_SIGN_STYLE = Automatic;
				COMBINE_HIDPI_IMAGES = YES;
				DEVELOPMENT_ASSET_PATHS = "\"ColorUtility/Preview Content\"";
				DEVELOPMENT_TEAM = RL5CUA6VNX;
				ENABLE_HARDENED_RUNTIME = YES;
				ENABLE_PREVIEWS = YES;
				INFOPLIST_FILE = "ColorUtility/Supporting Files/Info.plist";
				LD_RUNPATH_SEARCH_PATHS = (
					"$(inherited)",
					"@executable_path/../Frameworks",
				);
				MACOSX_DEPLOYMENT_TARGET = 11.0;
				PRODUCT_BUNDLE_IDENTIFIER = uk.co.notyou.ColorUtility;
				PRODUCT_NAME = "$(TARGET_NAME)";
				SWIFT_VERSION = 5.0;
			};
			name = Debug;
		};
		D42C748D25BC0E6D00A2309D /* Release */ = {
			isa = XCBuildConfiguration;
			buildSettings = {
				ASSETCATALOG_COMPILER_APPICON_NAME = AppIcon;
				ASSETCATALOG_COMPILER_GLOBAL_ACCENT_COLOR_NAME = AccentColor;
				CODE_SIGN_ENTITLEMENTS = "ColorUtility/Supporting Files/ColorUtility.entitlements";
				CODE_SIGN_STYLE = Automatic;
				COMBINE_HIDPI_IMAGES = YES;
				DEVELOPMENT_ASSET_PATHS = "\"ColorUtility/Preview Content\"";
				DEVELOPMENT_TEAM = RL5CUA6VNX;
				ENABLE_HARDENED_RUNTIME = YES;
				ENABLE_PREVIEWS = YES;
				INFOPLIST_FILE = "ColorUtility/Supporting Files/Info.plist";
				LD_RUNPATH_SEARCH_PATHS = (
					"$(inherited)",
					"@executable_path/../Frameworks",
				);
				MACOSX_DEPLOYMENT_TARGET = 11.0;
				PRODUCT_BUNDLE_IDENTIFIER = uk.co.notyou.ColorUtility;
				PRODUCT_NAME = "$(TARGET_NAME)";
				SWIFT_VERSION = 5.0;
			};
			name = Release;
		};
/* End XCBuildConfiguration section */

/* Begin XCConfigurationList section */
		D42C747625BC0E6D00A2309D /* Build configuration list for PBXProject "ColorUtility" */ = {
			isa = XCConfigurationList;
			buildConfigurations = (
				D42C748925BC0E6D00A2309D /* Debug */,
				D42C748A25BC0E6D00A2309D /* Release */,
			);
			defaultConfigurationIsVisible = 0;
			defaultConfigurationName = Release;
		};
		D42C748B25BC0E6D00A2309D /* Build configuration list for PBXNativeTarget "ColorUtility" */ = {
			isa = XCConfigurationList;
			buildConfigurations = (
				D42C748C25BC0E6D00A2309D /* Debug */,
				D42C748D25BC0E6D00A2309D /* Release */,
			);
			defaultConfigurationIsVisible = 0;
			defaultConfigurationName = Release;
		};
/* End XCConfigurationList section */
	};
	rootObject = D42C747325BC0E6D00A2309D /* Project object */;
}
